{"1.2.0",
[{<<"bson">>,{pkg,<<"bson_erlang">>,<<"0.3.1">>},0},
 {<<"pbkdf2">>,{pkg,<<"mc_pbkdf2">>,<<"2.2.0">>},0},
 {<<"poolboy">>,{pkg,<<"poolboy">>,<<"1.5.2">>},0}]}.
[
{pkg_hash,[
 {<<"bson">>, <<"E277739864C85659366F50D6364E462CAA5A3B50465BFEC7EB44A0D097659D0B">>},
 {<<"pbkdf2">>, <<"B589ED6457664322AC8CD31563F5909EE263023D40DE98C2ACADC14CF4A4E060">>},
 {<<"poolboy">>, <<"392B007A1693A64540CEAD79830443ABF5762F5D30CF50BC95CB2C1AAAFA006B">>}]},
{pkg_hash_ext,[
 {<<"bson">>, <<"FF0F13BF79702436C91E4C55966B7C4F3206FB2A5560D2204BACD6B52A377E44">>},
 {<<"pbkdf2">>, <<"E9447952F55168AACC6B25D6A5A1D2A7E769540EF11767DDA99F6B8412B3B131">>},
 {<<"poolboy">>, <<"DAD79704CE5440F3D5A3681C8590B9DC25D1A561E8F5A9C995281012860901E3">>}]}
].
