{"1.2.0",
[{<<"bson">>,{pkg,<<"bson_erlang">>,<<"0.3.1">>},0},
 {<<"pbkdf2">>,{pkg,<<"pbkdf2">>,<<"2.0.0">>},0},
 {<<"poolboy">>,{pkg,<<"poolboy">>,<<"1.5.1">>},0}]}.
[
{pkg_hash,[
 {<<"bson">>, <<"E277739864C85659366F50D6364E462CAA5A3B50465BFEC7EB44A0D097659D0B">>},
 {<<"pbkdf2">>, <<"11C23279FDED5C0027AB3996CFAE77805521D7EF4BABDE2BD7EC04A9086CF499">>},
 {<<"poolboy">>, <<"6B46163901CFD0A1B43D692657ED9D7E599853B3B21B95AE5AE0A777CF9B6CA8">>}]},
{pkg_hash_ext,[
 {<<"bson">>, <<"FF0F13BF79702436C91E4C55966B7C4F3206FB2A5560D2204BACD6B52A377E44">>},
 {<<"pbkdf2">>, <<"1E793CE6FDB0576613115714DEAE9DFC1D1537EABA74F07EFB36DE139774488D">>},
 {<<"poolboy">>, <<"8F7168911120E13419E086E78D20E4D1A6776F1EEE2411AC9F790AF10813389F">>}]}
].
